
Microsoft Visual Studio Solution File, Format Version 11.00
# Visual Studio 2010
Project("{FAE04EC0-301F-11D3-BF4B-00C04F79EFBC}") = "Eldrich_horror", "Assembly-CSharp.csproj", "{A969372E-EBF1-2CE8-15CE-5CE8DE4CBF27}"
EndProject
Project("{FAE04EC0-301F-11D3-BF4B-00C04F79EFBC}") = "Eldrich_horror", "Assembly-CSharp-firstpass.csproj", "{5C07A7E6-80F5-6132-196B-C18165AE29CE}"
EndProject
Project("{FAE04EC0-301F-11D3-BF4B-00C04F79EFBC}") = "Eldrich_horror", "Assembly-CSharp-Editor.csproj", "{17AF4368-C446-F8FE-222D-DB67C8F11D05}"
EndProject
Global
	GlobalSection(SolutionConfigurationPlatforms) = preSolution
		Debug|Any CPU = Debug|Any CPU
		Release|Any CPU = Release|Any CPU
	EndGlobalSection
	GlobalSection(ProjectConfigurationPlatforms) = postSolution
		{A969372E-EBF1-2CE8-15CE-5CE8DE4CBF27}.Debug|Any CPU.ActiveCfg = Debug|Any CPU
		{A969372E-EBF1-2CE8-15CE-5CE8DE4CBF27}.Debug|Any CPU.Build.0 = Debug|Any CPU
		{A969372E-EBF1-2CE8-15CE-5CE8DE4CBF27}.Release|Any CPU.ActiveCfg = Release|Any CPU
		{A969372E-EBF1-2CE8-15CE-5CE8DE4CBF27}.Release|Any CPU.Build.0 = Release|Any CPU
		{5C07A7E6-80F5-6132-196B-C18165AE29CE}.Debug|Any CPU.ActiveCfg = Debug|Any CPU
		{5C07A7E6-80F5-6132-196B-C18165AE29CE}.Debug|Any CPU.Build.0 = Debug|Any CPU
		{5C07A7E6-80F5-6132-196B-C18165AE29CE}.Release|Any CPU.ActiveCfg = Release|Any CPU
		{5C07A7E6-80F5-6132-196B-C18165AE29CE}.Release|Any CPU.Build.0 = Release|Any CPU
		{17AF4368-C446-F8FE-222D-DB67C8F11D05}.Debug|Any CPU.ActiveCfg = Debug|Any CPU
		{17AF4368-C446-F8FE-222D-DB67C8F11D05}.Debug|Any CPU.Build.0 = Debug|Any CPU
		{17AF4368-C446-F8FE-222D-DB67C8F11D05}.Release|Any CPU.ActiveCfg = Release|Any CPU
		{17AF4368-C446-F8FE-222D-DB67C8F11D05}.Release|Any CPU.Build.0 = Release|Any CPU
	EndGlobalSection
	GlobalSection(SolutionProperties) = preSolution
		HideSolutionNode = FALSE
	EndGlobalSection
	GlobalSection(MonoDevelopProperties) = preSolution
		StartupItem = Assembly-CSharp.csproj
	EndGlobalSection
EndGlobal
